{
  "nodes": {
    "home-manager": {
      "inputs": {
        "nixpkgs": [
          "nixpkgs"
        ]
      },
      "locked": {
        "lastModified": 1790742243,
        "narHash": "sha256-kaNo6xHiL31AbNNEreG0OTKf4j6Cxlo5bPawjX7lnbQ=",
        "owner": "nix-community",
        "repo": "home-manager",
        "rev": "e5fcd298a00f08b6e8390baf04aa8edb62203070",
        "type": "github"
      },
      "original": {
        "owner": "nix-community",
        "ref": "release-26.05",
        "repo": "home-manager",
        "type": "github"
      }
    },
    "nixpkgs": {
      "locked": {
        "lastModified": 1790750587,
        "narHash": "sha256-VfjaoJ1Uyb7JZTrBgE5Jf2nhjtQPmD9KOd19HJwmZwM=",
        "owner": "NixOS",
        "repo": "nixpkgs",
        "rev": "78e9c786dc08cd4f3420c2395cd977206a9b1da2",
        "type": "github"
      },
      "original": {
        "owner": "NixOS",
        "ref": "nixos-26.05",
        "repo": "nixpkgs",
        "type": "github"
      }
    },
    "nixpkgs-unstable": {
      "locked": {
        "lastModified": 1790822859,
        "narHash": "sha256-69xHQhAeMAD2wDXO7T2pcOZIF9Sga2W+JkmY2a11Ops=",
        "owner": "NixOS",
        "repo": "nixpkgs",
        "rev": "c59305bab2065cfecc4944690d9eedbb56f3a9fa",
        "type": "github"
      },
      "original": {
        "owner": "NixOS",
        "ref": "nixos-unstable",
        "repo": "nixpkgs",
        "type": "github"
      }
    },
    "nixpkgs_2": {
      "locked": {
        "lastModified": 1790323409,
        "narHash": "sha256-m4DGo58Fza5ImOegtWOeE18nhpSO1IGzsVA6Lpsb4zw=",
        "rev": "e94cb152ed51bd6e24eb4a41f1460252beb52cd2",
        "type": "tarball",
        "url": "https://releases.nixos.org/nixos/unstable/nixos-26.11pre1079315.e94cb152ed51/nixexprs.tar.zst"
      },
      "original": {
        "type": "tarball",
        "url": "https://channels.nixos.org/nixos-unstable/nixexprs.tar.zst"
      }
    },
    "noctalia": {
      "inputs": {
        "nixpkgs": "nixpkgs_2"
      },
      "locked": {
        "lastModified": 1790857470,
        "narHash": "sha256-EalyF5nWDS6xui58LC131oez7gZWcaO6P5bClDCVD6U=",
        "owner": "noctalia-dev",
        "repo": "noctalia",
        "rev": "30415127e6c864212c61804a531a018980718b1f",
        "type": "github"
      },
      "original": {
        "owner": "noctalia-dev",
        "ref": "cachix",
        "repo": "noctalia",
        "type": "github"
      }
    },
    "noctalia-greeter": {
      "inputs": {
        "nixpkgs": [
          "nixpkgs"
        ]
      },
      "locked": {
        "lastModified": 1790518002,
        "narHash": "sha256-agpHRmhsUL4ZNFseCNilGSiC/cc0S2tC1ZvC5rXmgtY=",
        "owner": "noctalia-dev",
        "repo": "noctalia-greeter",
        "rev": "44337ecba043749c29de6f3d563315b91987a908",
        "type": "github"
      },
      "original": {
        "owner": "noctalia-dev",
        "repo": "noctalia-greeter",
        "type": "github"
      }
    },
    "root": {
      "inputs": {
        "home-manager": "home-manager",
        "nixpkgs": "nixpkgs",
        "nixpkgs-unstable": "nixpkgs-unstable",
        "noctalia": "noctalia",
        "noctalia-greeter": "noctalia-greeter"
      }
    }
  },
  "root": "root",
  "version": 7
}
